# This file is automatically @generated by Cargo.
# It is not intended for manual editing.
version = 4

[[package]]
name = "adler2"
version = "2.0.1"
source = "registry+https://github.com/rust-lang/crates.io-index"
checksum = "320119579fcad9c21884f5c4861d16174d0e06250625266f50fe6898340abefa"

[[package]]
name = "aho-corasick"
version = "1.1.5"
source = "registry+https://github.com/rust-lang/crates.io-index"
checksum = "c982642fa9e8606056828ee9a8505737230110bb1099153c79efe865c59d12ba"
dependencies = [
 "memchr",
]

[[package]]
name = "anyhow"
version = "1.0.104"
source = "registry+https://github.com/rust-lang/crates.io-index"
checksum = "330a5ed07fa54e4702c9d6c4174f74427fc0ef6e214bbd677ae50a5099946470"

[[package]]
name = "beef"
version = "0.5.2"
source = "registry+https://github.com/rust-lang/crates.io-index"
checksum = "3a8241f3ebb85c056b509d4327ad0358fbbba6ffb340bf388f26350aeda225b1"

[[package]]
name = "bitflags"
version = "1.3.2"
source = "registry+https://github.com/rust-lang/crates.io-index"
checksum = "bef38d45163c2f1dde094a7dfd33ccf595c92905c8f8f4fdc18d06fb1037718a"

[[package]]
name = "bitflags"
version = "2.13.1"
source = "registry+https://github.com/rust-lang/crates.io-index"
checksum = "b588b76d00fde79687d7646a9b5bdf3cc0f655e0bbd080335a95d7e96f3587da"

[[package]]
name = "bytes"
version = "1.12.1"
source = "registry+https://github.com/rust-lang/crates.io-index"
checksum = "fc652a48c352aef3ea3aed32080501cf3ef6ed5da78602a020c991775b0aff04"

[[package]]
name = "cfg-if"
version = "1.0.4"
source = "registry+https://github.com/rust-lang/crates.io-index"
checksum = "9330f8b2ff13f34540b44e946ef35111825727b38d33286ef986142615121801"

[[package]]
name = "core-foundation-sys"
version = "0.8.7"
source = "registry+https://github.com/rust-lang/crates.io-index"
checksum = "773648b94d0e5d620f64f280777445740e61fe701025087ec8b57f45c791888b"

[[package]]
name = "crc32fast"
version = "1.5.1"
source = "registry+https://github.com/rust-lang/crates.io-index"
checksum = "8498c871161e1742aaa9d52551b2d6ebdd4c3d45a3be423e3728f33b955be550"
dependencies = [
 "cfg-if",
]

[[package]]
name = "crossbeam-deque"
version = "0.8.7"
source = "registry+https://github.com/rust-lang/crates.io-index"
checksum = "5181e0de7b61eb03a81e347d6dd8797bae9da5146707b51077e2d71a54ec0ceb"
dependencies = [
 "crossbeam-epoch",
 "crossbeam-utils",
]

[[package]]
name = "crossbeam-epoch"
version = "0.9.20"
source = "registry+https://github.com/rust-lang/crates.io-index"
checksum = "2d6914041f254d6e9176c01941b21115dcfb7089e55135a35411081bd106ef3f"
dependencies = [
 "crossbeam-utils",
]

[[package]]
name = "crossbeam-utils"
version = "0.8.22"
source = "registry+https://github.com/rust-lang/crates.io-index"
checksum = "61803da095bee82a81bb1a452ecc25d3b2f1416d1897eb86430c6159ef717c17"

[[package]]
name = "dirs"
version = "6.0.0"
source = "registry+https://github.com/rust-lang/crates.io-index"
checksum = "c3e8aa94d75141228480295a7d0e7feb620b1a5ad9f12bc40be62411e38cce4e"
dependencies = [
 "dirs-sys",
]

[[package]]
name = "dirs-sys"
version = "0.5.0"
source = "registry+https://github.com/rust-lang/crates.io-index"
checksum = "e01a3366d27ee9890022452ee61b2b63a67e6f13f58900b651ff5665f0bb1fab"
dependencies = [
 "libc",
 "option-ext",
 "redox_users",
 "windows-sys",
]

[[package]]
name = "either"
version = "1.18.0"
source = "registry+https://github.com/rust-lang/crates.io-index"
checksum = "252afb9ae5eaa683babdc6a068b3f5726eb19e05070c731f9b2a23a7c3e8ed34"

[[package]]
name = "equivalent"
version = "1.0.2"
source = "registry+https://github.com/rust-lang/crates.io-index"
checksum = "877a4ace8713b0bcf2a4e7eec82529c029f1d0619886d18145fea96c3ffe5c0f"

[[package]]
name = "errno"
version = "0.3.14"
source = "registry+https://github.com/rust-lang/crates.io-index"
checksum = "39cab71617ae0d63f51a36d69f866391735b51691dbda63cf6f96d042b63efeb"
dependencies = [
 "libc",
 "windows-sys",
]

[[package]]
name = "fastrand"
version = "2.5.0"
source = "registry+https://github.com/rust-lang/crates.io-index"
checksum = "da7c62ceae207dd37ea5b845da6a0696c799f85e97da1ab5b7910be3c1c80223"

[[package]]
name = "fdeflate"
version = "0.3.7"
source = "registry+https://github.com/rust-lang/crates.io-index"
checksum = "1e6853b52649d4ac5c0bd02320cddc5ba956bdb407c4b75a2c6b75bf51500f8c"
dependencies = [
 "simd-adler32",
]

[[package]]
name = "fixedbitset"
version = "0.5.7"
source = "registry+https://github.com/rust-lang/crates.io-index"
checksum = "1d674e81391d1e1ab681a28d99df07927c6d4aa5b027d7da16ba32d1d21ecd99"

[[package]]
name = "flate2"
version = "1.1.10"
source = "registry+https://github.com/rust-lang/crates.io-index"
checksum = "6e634e2e0ebac1ee034020da1ca582e17ffe4e0f5e985823721e168928136dcb"
dependencies = [
 "crc32fast",
 "miniz_oxide 0.9.1",
 "zlib-rs",
]

[[package]]
name = "fnv"
version = "1.0.7"
source = "registry+https://github.com/rust-lang/crates.io-index"
checksum = "3f9eec918d3f24069decb9af1554cad7c880e2da24a9afd88aca000531ab82c1"

[[package]]
name = "foldhash"
version = "0.1.5"
source = "registry+https://github.com/rust-lang/crates.io-index"
checksum = "d9c4f5dac5e15c24eb999c26181a6ca40b39fe946cbe4c263c7209467bc83af2"

[[package]]
name = "gethostname"
version = "1.1.0"
source = "registry+https://github.com/rust-lang/crates.io-index"
checksum = "1bd49230192a3797a9a4d6abe9b3eed6f7fa4c8a8a4947977c6f80025f92cbd8"
dependencies = [
 "rustix",
 "windows-link",
]

[[package]]
name = "getrandom"
version = "0.2.17"
source = "registry+https://github.com/rust-lang/crates.io-index"
checksum = "ff2abc00be7fca6ebc474524697ae276ad847ad0a6b3faa4bcb027e9a4614ad0"
dependencies = [
 "cfg-if",
 "libc",
 "wasi",
]

[[package]]
name = "hashbrown"
version = "0.15.5"
source = "registry+https://github.com/rust-lang/crates.io-index"
checksum = "9229cfe53dfd69f0609a49f65461bd93001ea1ef889cd5529dd176593f5338a1"
dependencies = [
 "foldhash",
]

[[package]]
name = "hashbrown"
version = "0.17.1"
source = "registry+https://github.com/rust-lang/crates.io-index"
checksum = "ed5909b6e89a2db4456e54cd5f673791d7eca6732202bbf2a9cc504fe2f9b84a"

[[package]]
name = "heck"
version = "0.5.0"
source = "registry+https://github.com/rust-lang/crates.io-index"
checksum = "2304e00983f87ffb38b55b444b5e3b60a884b5d30c0fca7d82fe33449bbe55ea"

[[package]]
name = "indexmap"
version = "2.14.1"
source = "registry+https://github.com/rust-lang/crates.io-index"
checksum = "07aa2048142242915a31d35844fb311e0e53fcca590c3a0a40dcf1b841fa09eb"
dependencies = [
 "equivalent",
 "hashbrown 0.17.1",
]

[[package]]
name = "itertools"
version = "0.14.0"
source = "registry+https://github.com/rust-lang/crates.io-index"
checksum = "2b192c782037fadd9cfa75548310488aabdbf3d2da73885b31bd0abd03351285"
dependencies = [
 "either",
]

[[package]]
name = "lazy_static"
version = "1.5.0"
source = "registry+https://github.com/rust-lang/crates.io-index"
checksum = "bbd2bcb4c963f2ddae06a2efc7e9f3591312473c50c6685e1f298068316e66fe"

[[package]]
name = "libc"
version = "0.2.189"
source = "registry+https://github.com/rust-lang/crates.io-index"
checksum = "3eaf3ede3fee6db1a4c2ee091bf8a8b4dccdc6d17f656fb07896ee72867612f2"

[[package]]
name = "libredox"
version = "0.1.21"
source = "registry+https://github.com/rust-lang/crates.io-index"
checksum = "d7955dfc218a8afb29dfeffd540e3a6e96baeb94fe7138228dd7cc6937fbbf96"
dependencies = [
 "libc",
]

[[package]]
name = "linux-raw-sys"
version = "0.12.1"
source = "registry+https://github.com/rust-lang/crates.io-index"
checksum = "32a66949e030da00e8c7d4434b251670a91556f4144941d37452769c25d58a53"

[[package]]
name = "log"
version = "0.4.34"
source = "registry+https://github.com/rust-lang/crates.io-index"
checksum = "f9f8bd3e56ce4dfc153cf470fffbfa98c7620958b312ca5c3a4b8d5181fd13c6"

[[package]]
name = "logos"
version = "0.15.1"
source = "registry+https://github.com/rust-lang/crates.io-index"
checksum = "ff472f899b4ec2d99161c51f60ff7075eeb3097069a36050d8037a6325eb8154"
dependencies = [
 "logos-derive 0.15.1",
]

[[package]]
name = "logos"
version = "0.16.1"
source = "registry+https://github.com/rust-lang/crates.io-index"
checksum = "eb2c55a318a87600ea870ff8c2012148b44bf18b74fad48d0f835c38c7d07c5f"
dependencies = [
 "logos-derive 0.16.1",
]

[[package]]
name = "logos-codegen"
version = "0.15.1"
source = "registry+https://github.com/rust-lang/crates.io-index"
checksum = "192a3a2b90b0c05b27a0b2c43eecdb7c415e29243acc3f89cc8247a5b693045c"
dependencies = [
 "beef",
 "fnv",
 "lazy_static",
 "proc-macro2",
 "quote",
 "regex-syntax",
 "rustc_version",
 "syn 2.0.119",
]

[[package]]
name = "logos-codegen"
version = "0.16.1"
source = "registry+https://github.com/rust-lang/crates.io-index"
checksum = "58b3ffaa284e1350d017a57d04ada118c4583cf260c8fb01e0fe28a2e9cf8970"
dependencies = [
 "fnv",
 "proc-macro2",
 "quote",
 "regex-automata",
 "regex-syntax",
 "syn 2.0.119",
]

[[package]]
name = "logos-derive"
version = "0.15.1"
source = "registry+https://github.com/rust-lang/crates.io-index"
checksum = "605d9697bcd5ef3a42d38efc51541aa3d6a4a25f7ab6d1ed0da5ac632a26b470"
dependencies = [
 "logos-codegen 0.15.1",
]

[[package]]
name = "logos-derive"
version = "0.16.1"
source = "registry+https://github.com/rust-lang/crates.io-index"
checksum = "52d3a9855747c17eaf4383823f135220716ab49bea5fbea7dd42cc9a92f8aa31"
dependencies = [
 "logos-codegen 0.16.1",
]

[[package]]
name = "memchr"
version = "2.8.3"
source = "registry+https://github.com/rust-lang/crates.io-index"
checksum = "cf8baf1c55e62ffcace7a9f06f4bd9cd3f0c4beb022d3b367256b91b87513d98"

[[package]]
name = "miette"
version = "7.6.0"
source = "registry+https://github.com/rust-lang/crates.io-index"
checksum = "5f98efec8807c63c752b5bd61f862c165c115b0a35685bdcfd9238c7aeb592b7"
dependencies = [
 "cfg-if",
 "miette-derive",
 "unicode-width",
]

[[package]]
name = "miette-derive"
version = "7.6.0"
source = "registry+https://github.com/rust-lang/crates.io-index"
checksum = "db5b29714e950dbb20d5e6f74f9dcec4edbcc1067bb7f8ed198c097b8c1a818b"
dependencies = [
 "proc-macro2",
 "quote",
 "syn 2.0.119",
]

[[package]]
name = "miniz_oxide"
version = "0.8.9"
source = "registry+https://github.com/rust-lang/crates.io-index"
checksum = "1fa76a2c86f704bdb222d66965fb3d63269ce38518b83cb0575fca855ebb6316"
dependencies = [
 "adler2",
 "simd-adler32",
]

[[package]]
name = "miniz_oxide"
version = "0.9.1"
source = "registry+https://github.com/rust-lang/crates.io-index"
checksum = "b63fbc4a50860e98e7b2aa7804ded1db5cbc3aff9193adaff57a6931bf7c4b4c"
dependencies = [
 "adler2",
 "simd-adler32",
]

[[package]]
name = "multimap"
version = "0.10.1"
source = "registry+https://github.com/rust-lang/crates.io-index"
checksum = "1d87ecb2933e8aeadb3e3a02b828fed80a7528047e68b4f424523a0981a3a084"

[[package]]
name = "ntapi"
version = "0.4.3"
source = "registry+https://github.com/rust-lang/crates.io-index"
checksum = "c3b335231dfd352ffb0f8017f3b6027a4917f7df785ea2143d8af2adc66980ae"
dependencies = [
 "winapi",
]

[[package]]
name = "once_cell"
version = "1.21.4"
source = "registry+https://github.com/rust-lang/crates.io-index"
checksum = "9f7c3e4beb33f85d45ae3e3a1792185706c8e16d043238c593331cc7cd313b50"

[[package]]
name = "option-ext"
version = "0.2.0"
source = "registry+https://github.com/rust-lang/crates.io-index"
checksum = "04744f49eae99ab78e0d5c0b603ab218f515ea8cfe5a456d7629ad883a3b6e7d"

[[package]]
name = "petgraph"
version = "0.8.3"
source = "registry+https://github.com/rust-lang/crates.io-index"
checksum = "8701b58ea97060d5e5b155d383a69952a60943f0e6dfe30b04c287beb0b27455"
dependencies = [
 "fixedbitset",
 "hashbrown 0.15.5",
 "indexmap",
]

[[package]]
name = "png"
version = "0.17.16"
source = "registry+https://github.com/rust-lang/crates.io-index"
checksum = "82151a2fc869e011c153adc57cf2789ccb8d9906ce52c0b39a6b5697749d7526"
dependencies = [
 "bitflags 1.3.2",
 "crc32fast",
 "fdeflate",
 "flate2",
 "miniz_oxide 0.8.9",
]

[[package]]
name = "prettyplease"
version = "0.2.37"
source = "registry+https://github.com/rust-lang/crates.io-index"
checksum = "479ca8adacdd7ce8f1fb39ce9ecccbfe93a3f1344b3d0d97f20bc0196208f62b"
dependencies = [
 "proc-macro2",
 "syn 2.0.119",
]

[[package]]
name = "proc-macro2"
version = "1.0.107"
source = "registry+https://github.com/rust-lang/crates.io-index"
checksum = "985e7ec9bb745e6ce6535b544d84d6cd6f7ad8bd711c398938ae983b91a766d9"
dependencies = [
 "unicode-ident",
]

[[package]]
name = "prost"
version = "0.14.4"
source = "registry+https://github.com/rust-lang/crates.io-index"
checksum = "528ac67416ff8646872a3c02cad9cc4ee5dc9f9540c9b10771855c95cb2e5ae1"
dependencies = [
 "bytes",
 "prost-derive",
]

[[package]]
name = "prost-build"
version = "0.14.4"
source = "registry+https://github.com/rust-lang/crates.io-index"
checksum = "03da047801ff44bb6a4d407d4860c05fd70bb81714e6b2f3812603d5b145b042"
dependencies = [
 "heck",
 "itertools",
 "log",
 "multimap",
 "petgraph",
 "prettyplease",
 "prost",
 "prost-types",
 "regex",
 "syn 2.0.119",
 "tempfile",
]

[[package]]
name = "prost-derive"
version = "0.14.4"
source = "registry+https://github.com/rust-lang/crates.io-index"
checksum = "b570b25f7617e43d59005d0990ccb79e950a423952cea19671b7a876da390adf"
dependencies = [
 "anyhow",
 "itertools",
 "proc-macro2",
 "quote",
 "syn 2.0.119",
]

[[package]]
name = "prost-reflect"
version = "0.16.5"
source = "registry+https://github.com/rust-lang/crates.io-index"
checksum = "01b80ea363c31af2de2b92e3c07ed1156628f7838c4afb4df75ee78a37fedbd1"
dependencies = [
 "logos 0.16.1",
 "miette",
 "prost",
 "prost-types",
]

[[package]]
name = "prost-types"
version = "0.14.4"
source = "registry+https://github.com/rust-lang/crates.io-index"
checksum = "f94967dc7688f3054c7fac87473ffae4cc4c3904800e2d9f5b857246d8963b0a"
dependencies = [
 "prost",
]

[[package]]
name = "protox"
version = "0.9.1"
source = "registry+https://github.com/rust-lang/crates.io-index"
checksum = "4f25a07a73c6717f0b9bbbd685918f5df9815f7efba450b83d9c9dea41f0e3a1"
dependencies = [
 "bytes",
 "miette",
 "prost",
 "prost-reflect",
 "prost-types",
 "protox-parse",
 "thiserror",
]

[[package]]
name = "protox-parse"
version = "0.9.0"
source = "registry+https://github.com/rust-lang/crates.io-index"
checksum = "072eee358134396a4643dff81cfff1c255c9fbd3fb296be14bdb6a26f9156366"
dependencies = [
 "logos 0.15.1",
 "miette",
 "prost-types",
 "thiserror",
]

[[package]]
name = "quote"
version = "1.0.47"
source = "registry+https://github.com/rust-lang/crates.io-index"
checksum = "1fbf4db142a473a8d80c26bbf18454ed458bf8d26c8219c331daecfdbd079001"
dependencies = [
 "proc-macro2",
]

[[package]]
name = "rayon"
version = "1.12.0"
source = "registry+https://github.com/rust-lang/crates.io-index"
checksum = "fb39b166781f92d482534ef4b4b1b2568f42613b53e5b6c160e24cfbfa30926d"
dependencies = [
 "either",
 "rayon-core",
]

[[package]]
name = "rayon-core"
version = "1.13.0"
source = "registry+https://github.com/rust-lang/crates.io-index"
checksum = "22e18b0f0062d30d4230b2e85ff77fdfe4326feb054b9783a3460d8435c8ab91"
dependencies = [
 "crossbeam-deque",
 "crossbeam-utils",
]

[[package]]
name = "redox_users"
version = "0.5.2"
source = "registry+https://github.com/rust-lang/crates.io-index"
checksum = "a4e608c6638b9c18977b00b475ac1f28d14e84b27d8d42f70e0bf1e3dec127ac"
dependencies = [
 "getrandom",
 "libredox",
 "thiserror",
]

[[package]]
name = "regex"
version = "1.13.1"
source = "registry+https://github.com/rust-lang/crates.io-index"
checksum = "f020237b6c8eed93db2e2cb53c00c60a8e1bc73da7d073199a1180401450218d"
dependencies = [
 "aho-corasick",
 "memchr",
 "regex-automata",
 "regex-syntax",
]

[[package]]
name = "regex-automata"
version = "0.4.18"
source = "registry+https://github.com/rust-lang/crates.io-index"
checksum = "ad8553b9b26413251cbf30e620595c7a41b3887f03da04579c0e6b0d6a06b4b2"
dependencies = [
 "aho-corasick",
 "memchr",
 "regex-syntax",
]

[[package]]
name = "regex-syntax"
version = "0.8.11"
source = "registry+https://github.com/rust-lang/crates.io-index"
checksum = "d6f6ff9a378485b298a5286656da665ba74413d36db0979633275d2e708145d4"

[[package]]
name = "running-process"
version = "4.10.9"
dependencies = [
 "libc",
 "prost",
 "running-process-platform-internal",
 "running-process-protocol",
 "thiserror",
 "winapi",
 "windows-sys",
]

[[package]]
name = "running-process-daemon-registration-v2-pass"
version = "0.0.0"
dependencies = [
 "running-process",
]

[[package]]
name = "running-process-platform-internal"
version = "4.10.9"
dependencies = [
 "dirs",
 "libc",
 "png",
 "sysinfo",
 "thiserror",
 "widestring",
 "winapi",
 "windows-sys",
 "x11rb",
]

[[package]]
name = "running-process-protocol"
version = "4.10.9"
dependencies = [
 "prost",
 "prost-build",
 "protox",
 "thiserror",
]

[[package]]
name = "rustc_version"
version = "0.4.1"
source = "registry+https://github.com/rust-lang/crates.io-index"
checksum = "cfcb3a22ef46e85b45de6ee7e79d063319ebb6594faafcf1c225ea92ab6e9b92"
dependencies = [
 "semver",
]

[[package]]
name = "rustix"
version = "1.1.4"
source = "registry+https://github.com/rust-lang/crates.io-index"
checksum = "b6fe4565b9518b83ef4f91bb47ce29620ca828bd32cb7e408f0062e9930ba190"
dependencies = [
 "bitflags 2.13.1",
 "errno",
 "libc",
 "linux-raw-sys",
 "windows-sys",
]

[[package]]
name = "semver"
version = "1.0.28"
source = "registry+https://github.com/rust-lang/crates.io-index"
checksum = "8a7852d02fc848982e0c167ef163aaff9cd91dc640ba85e263cb1ce46fae51cd"

[[package]]
name = "simd-adler32"
version = "0.3.10"
source = "registry+https://github.com/rust-lang/crates.io-index"
checksum = "3a219298ac11a56ea9a6d2120044824d6f01aeb034955e7af7bc16858527deea"

[[package]]
name = "syn"
version = "2.0.119"
source = "registry+https://github.com/rust-lang/crates.io-index"
checksum = "872831b642d1a07999a962a351ed35b955ea2cfc8f3862091e2a240a84f17297"
dependencies = [
 "proc-macro2",
 "quote",
 "unicode-ident",
]

[[package]]
name = "syn"
version = "3.0.4"
source = "registry+https://github.com/rust-lang/crates.io-index"
checksum = "e6275cddf4610d1775e6d1fe9469b2e77d0f39fd98fb7450901b821e0c53649f"
dependencies = [
 "proc-macro2",
 "quote",
 "unicode-ident",
]

[[package]]
name = "sysinfo"
version = "0.30.13"
source = "registry+https://github.com/rust-lang/crates.io-index"
checksum = "0a5b4ddaee55fb2bea2bf0e5000747e5f5c0de765e5a5ff87f4cd106439f4bb3"
dependencies = [
 "cfg-if",
 "core-foundation-sys",
 "libc",
 "ntapi",
 "once_cell",
 "rayon",
 "windows",
]

[[package]]
name = "tempfile"
version = "3.27.0"
source = "registry+https://github.com/rust-lang/crates.io-index"
checksum = "32497e9a4c7b38532efcdebeef879707aa9f794296a4f0244f6f69e9bc8574bd"
dependencies = [
 "fastrand",
 "once_cell",
 "rustix",
 "windows-sys",
]

[[package]]
name = "thiserror"
version = "2.0.20"
source = "registry+https://github.com/rust-lang/crates.io-index"
checksum = "ec86235f5fcc2a73650310756d2ac5b138a5780bbbdfae3eeccec992c435ba4f"
dependencies = [
 "thiserror-impl",
]

[[package]]
name = "thiserror-impl"
version = "2.0.20"
source = "registry+https://github.com/rust-lang/crates.io-index"
checksum = "bc04cd3e1236dd4a98afca4569f2deb3f120e5422a4023be2cb683f8486292af"
dependencies = [
 "proc-macro2",
 "quote",
 "syn 3.0.4",
]

[[package]]
name = "unicode-ident"
version = "1.0.24"
source = "registry+https://github.com/rust-lang/crates.io-index"
checksum = "e6e4313cd5fcd3dad5cafa179702e2b244f760991f45397d14d4ebf38247da75"

[[package]]
name = "unicode-width"
version = "0.1.14"
source = "registry+https://github.com/rust-lang/crates.io-index"
checksum = "7dd6e30e90baa6f72411720665d41d89b9a3d039dc45b8faea1ddd07f617f6af"

[[package]]
name = "wasi"
version = "0.11.1+wasi-snapshot-preview1"
source = "registry+https://github.com/rust-lang/crates.io-index"
checksum = "ccf3ec651a847eb01de73ccad15eb7d99f80485de043efb2f370cd654f4ea44b"

[[package]]
name = "widestring"
version = "1.2.1"
source = "registry+https://github.com/rust-lang/crates.io-index"
checksum = "72069c3113ab32ab29e5584db3c6ec55d416895e60715417b5b883a357c3e471"

[[package]]
name = "winapi"
version = "0.3.9"
source = "registry+https://github.com/rust-lang/crates.io-index"
checksum = "5c839a674fcd7a98952e593242ea400abe93992746761e38641405d28b00f419"
dependencies = [
 "winapi-i686-pc-windows-gnu",
 "winapi-x86_64-pc-windows-gnu",
]

[[package]]
name = "winapi-i686-pc-windows-gnu"
version = "0.4.0"
source = "registry+https://github.com/rust-lang/crates.io-index"
checksum = "ac3b87c63620426dd9b991e5ce0329eff545bccbbb34f3be09ff6fb6ab51b7b6"

[[package]]
name = "winapi-x86_64-pc-windows-gnu"
version = "0.4.0"
source = "registry+https://github.com/rust-lang/crates.io-index"
checksum = "712e227841d057c1ee1cd2fb22fa7e5a5461ae8e48fa2ca79ec42cfc1931183f"

[[package]]
name = "windows"
version = "0.52.0"
source = "registry+https://github.com/rust-lang/crates.io-index"
checksum = "e48a53791691ab099e5e2ad123536d0fff50652600abaf43bbf952894110d0be"
dependencies = [
 "windows-core",
 "windows-targets",
]

[[package]]
name = "windows-core"
version = "0.52.0"
source = "registry+https://github.com/rust-lang/crates.io-index"
checksum = "33ab640c8d7e35bf8ba19b884ba838ceb4fba93a4e8c65a9059d08afcfc683d9"
dependencies = [
 "windows-targets",
]

[[package]]
name = "windows-link"
version = "0.2.1"
source = "registry+https://github.com/rust-lang/crates.io-index"
checksum = "f0805222e57f7521d6a62e36fa9163bc891acd422f971defe97d64e70d0a4fe5"

[[package]]
name = "windows-sys"
version = "0.61.2"
source = "registry+https://github.com/rust-lang/crates.io-index"
checksum = "ae137229bcbd6cdf0f7b80a31df61766145077ddf49416a728b02cb3921ff3fc"
dependencies = [
 "windows-link",
]

[[package]]
name = "windows-targets"
version = "0.52.6"
source = "registry+https://github.com/rust-lang/crates.io-index"
checksum = "9b724f72796e036ab90c1021d4780d4d3d648aca59e491e6b98e725b84e99973"
dependencies = [
 "windows_aarch64_gnullvm",
 "windows_aarch64_msvc",
 "windows_i686_gnu",
 "windows_i686_gnullvm",
 "windows_i686_msvc",
 "windows_x86_64_gnu",
 "windows_x86_64_gnullvm",
 "windows_x86_64_msvc",
]

[[package]]
name = "windows_aarch64_gnullvm"
version = "0.52.6"
source = "registry+https://github.com/rust-lang/crates.io-index"
checksum = "32a4622180e7a0ec044bb555404c800bc9fd9ec262ec147edd5989ccd0c02cd3"

[[package]]
name = "windows_aarch64_msvc"
version = "0.52.6"
source = "registry+https://github.com/rust-lang/crates.io-index"
checksum = "09ec2a7bb152e2252b53fa7803150007879548bc709c039df7627cabbd05d469"

[[package]]
name = "windows_i686_gnu"
version = "0.52.6"
source = "registry+https://github.com/rust-lang/crates.io-index"
checksum = "8e9b5ad5ab802e97eb8e295ac6720e509ee4c243f69d781394014ebfe8bbfa0b"

[[package]]
name = "windows_i686_gnullvm"
version = "0.52.6"
source = "registry+https://github.com/rust-lang/crates.io-index"
checksum = "0eee52d38c090b3caa76c563b86c3a4bd71ef1a819287c19d586d7334ae8ed66"

[[package]]
name = "windows_i686_msvc"
version = "0.52.6"
source = "registry+https://github.com/rust-lang/crates.io-index"
checksum = "240948bc05c5e7c6dabba28bf89d89ffce3e303022809e73deaefe4f6ec56c66"

[[package]]
name = "windows_x86_64_gnu"
version = "0.52.6"
source = "registry+https://github.com/rust-lang/crates.io-index"
checksum = "147a5c80aabfbf0c7d901cb5895d1de30ef2907eb21fbbab29ca94c5b08b1a78"

[[package]]
name = "windows_x86_64_gnullvm"
version = "0.52.6"
source = "registry+https://github.com/rust-lang/crates.io-index"
checksum = "24d5b23dc417412679681396f2b49f3de8c1473deb516bd34410872eff51ed0d"

[[package]]
name = "windows_x86_64_msvc"
version = "0.52.6"
source = "registry+https://github.com/rust-lang/crates.io-index"
checksum = "589f6da84c646204747d1270a2a5661ea66ed1cced2631d546fdfb155959f9ec"

[[package]]
name = "x11rb"
version = "0.13.2"
source = "registry+https://github.com/rust-lang/crates.io-index"
checksum = "9993aa5be5a26815fe2c3eacfc1fde061fc1a1f094bf1ad2a18bf9c495dd7414"
dependencies = [
 "gethostname",
 "rustix",
 "x11rb-protocol",
]

[[package]]
name = "x11rb-protocol"
version = "0.13.2"
source = "registry+https://github.com/rust-lang/crates.io-index"
checksum = "ea6fc2961e4ef194dcbfe56bb845534d0dc8098940c7e5c012a258bfec6701bd"

[[package]]
name = "zlib-rs"
version = "0.6.7"
source = "registry+https://github.com/rust-lang/crates.io-index"
checksum = "34b31d188d9d685a4f9c7b46d6e36631b07058d2cfe190267adce54dc230bf12"
